
Microsoft Visual Studio Solution File, Format Version 12.00
# Visual Studio Version 17
VisualStudioVersion = 17.2.32602.215
MinimumVisualStudioVersion = 10.0.40219.1
Project("{FAE04EC0-301F-11D3-BF4B-00C04F79EFBC}") = "WPF CSharp Compiler", "WPF CSharp Compiler\WPF CSharp Compiler.csproj", "{36BCA150-B846-49C7-A02F-551E17E4E926}"
EndProject
Global
	GlobalSection(SolutionConfigurationPlatforms) = preSolution
		Debug|Any CPU = Debug|Any CPU
		Release|Any CPU = Release|Any CPU
	EndGlobalSection
	GlobalSection(ProjectConfigurationPlatforms) = postSolution
		{36BCA150-B846-49C7-A02F-551E17E4E926}.Debug|Any CPU.ActiveCfg = Debug|Any CPU
		{36BCA150-B846-49C7-A02F-551E17E4E926}.Debug|Any CPU.Build.0 = Debug|Any CPU
		{36BCA150-B846-49C7-A02F-551E17E4E926}.Release|Any CPU.ActiveCfg = Release|Any CPU
		{36BCA150-B846-49C7-A02F-551E17E4E926}.Release|Any CPU.Build.0 = Release|Any CPU
	EndGlobalSection
	GlobalSection(SolutionProperties) = preSolution
		HideSolutionNode = FALSE
	EndGlobalSection
	GlobalSection(ExtensibilityGlobals) = postSolution
		SolutionGuid = {8F1C9665-ADEB-4018-9A90-6CAF0BA64A24}
	EndGlobalSection
EndGlobal
